
Microsoft Visual Studio Solution File, Format Version 12.00
# Visual Studio Version 17
VisualStudioVersion = 17.2.32630.192
MinimumVisualStudioVersion = 10.0.40219.1
Project("{FAE04EC0-301F-11D3-BF4B-00C04F79EFBC}") = "WareHouseApplication", "WareHouseApplication\WareHouseApplication.csproj", "{2166AF6B-7702-4B7D-98C7-14B83259537C}"
EndProject
Global
	GlobalSection(SolutionConfigurationPlatforms) = preSolution
		Debug|Any CPU = Debug|Any CPU
		Release|Any CPU = Release|Any CPU
	EndGlobalSection
	GlobalSection(ProjectConfigurationPlatforms) = postSolution
		{2166AF6B-7702-4B7D-98C7-14B83259537C}.Debug|Any CPU.ActiveCfg = Debug|Any CPU
		{2166AF6B-7702-4B7D-98C7-14B83259537C}.Debug|Any CPU.Build.0 = Debug|Any CPU
		{2166AF6B-7702-4B7D-98C7-14B83259537C}.Release|Any CPU.ActiveCfg = Release|Any CPU
		{2166AF6B-7702-4B7D-98C7-14B83259537C}.Release|Any CPU.Build.0 = Release|Any CPU
	EndGlobalSection
	GlobalSection(SolutionProperties) = preSolution
		HideSolutionNode = FALSE
	EndGlobalSection
	GlobalSection(ExtensibilityGlobals) = postSolution
		SolutionGuid = {223A9194-54B0-4A1D-BFF6-E1BD0487661F}
	EndGlobalSection
EndGlobal
